
Microsoft Visual Studio Solution File, Format Version 12.00
# Visual Studio Version 16
VisualStudioVersion = 16.0.30621.155
MinimumVisualStudioVersion = 10.0.40219.1
Project("{FAE04EC0-301F-11D3-BF4B-00C04F79EFBC}") = "SampleApplication", "SampleApplication\SampleApplication.csproj", "{FBDA1642-2940-4617-AAB7-2FACF26AA8C4}"
EndProject
Global
	GlobalSection(SolutionConfigurationPlatforms) = preSolution
		Debug|Any CPU = Debug|Any CPU
		Release|Any CPU = Release|Any CPU
	EndGlobalSection
	GlobalSection(ProjectConfigurationPlatforms) = postSolution
		{FBDA1642-2940-4617-AAB7-2FACF26AA8C4}.Debug|Any CPU.ActiveCfg = Debug|Any CPU
		{FBDA1642-2940-4617-AAB7-2FACF26AA8C4}.Debug|Any CPU.Build.0 = Debug|Any CPU
		{FBDA1642-2940-4617-AAB7-2FACF26AA8C4}.Release|Any CPU.ActiveCfg = Release|Any CPU
		{FBDA1642-2940-4617-AAB7-2FACF26AA8C4}.Release|Any CPU.Build.0 = Release|Any CPU
	EndGlobalSection
	GlobalSection(SolutionProperties) = preSolution
		HideSolutionNode = FALSE
	EndGlobalSection
	GlobalSection(ExtensibilityGlobals) = postSolution
		SolutionGuid = {BC591DA1-D2D5-4C67-AD55-B0F10B47E021}
	EndGlobalSection
EndGlobal
